// !$*UTF8*$!
{
	archiveVersion = 1;
	classes = {
	};
	objectVersion = 55;
	objects = {

/* Begin PBXBuildFile section */
		900C18DD27C26F77001FCA11 /* ButtonListView.swift.swift in Sources */ = {isa = PBXBuildFile; fileRef = 900C18DC27C26F76001FCA11 /* ButtonListView.swift.swift */; };
		900C18DF27C26F95001FCA11 /* ProfileButtonView.swift in Sources */ = {isa = PBXBuildFile; fileRef = 900C18DE27C26F95001FCA11 /* ProfileButtonView.swift */; };
		900C18E127C26FAD001FCA11 /* LikeButtonView.swift in Sources */ = {isa = PBXBuildFile; fileRef = 900C18E027C26FAD001FCA11 /* LikeButtonView.swift */; };
		900C18E327C26FBE001FCA11 /* CommentButtonView.swift in Sources */ = {isa = PBXBuildFile; fileRef = 900C18E227C26FBE001FCA11 /* CommentButtonView.swift */; };
		900C18E527C26FCE001FCA11 /* ShareButtonView.swift in Sources */ = {isa = PBXBuildFile; fileRef = 900C18E427C26FCE001FCA11 /* ShareButtonView.swift */; };
		900C18E727C26FE4001FCA11 /* MusicButtonView.swift in Sources */ = {isa = PBXBuildFile; fileRef = 900C18E627C26FE4001FCA11 /* MusicButtonView.swift */; };
		900C18EB27C27045001FCA11 /* TikTok.swift in Sources */ = {isa = PBXBuildFile; fileRef = 900C18EA27C27045001FCA11 /* TikTok.swift */; };
		900C18EE27C27510001FCA11 /* GlobalHelpers.swift in Sources */ = {isa = PBXBuildFile; fileRef = 900C18ED27C27510001FCA11 /* GlobalHelpers.swift */; };
		900C18F027C29896001FCA11 /* TikTokView.swift in Sources */ = {isa = PBXBuildFile; fileRef = 900C18EF27C29895001FCA11 /* TikTokView.swift */; };
		900C18F627C29D5A001FCA11 /* VideoPreviewImage.swift in Sources */ = {isa = PBXBuildFile; fileRef = 900C18F527C29D5A001FCA11 /* VideoPreviewImage.swift */; };
		900C18F827C2A030001FCA11 /* PostView.swift in Sources */ = {isa = PBXBuildFile; fileRef = 900C18F727C2A030001FCA11 /* PostView.swift */; };
		900C18FA27C2B99C001FCA11 /* TopRowButtons.swift in Sources */ = {isa = PBXBuildFile; fileRef = 900C18F927C2B99C001FCA11 /* TopRowButtons.swift */; };
		C346777A27BEF29C0001D271 /* Tik_Tok_CloneApp.swift in Sources */ = {isa = PBXBuildFile; fileRef = C346777927BEF29C0001D271 /* Tik_Tok_CloneApp.swift */; };
		C346777C27BEF29C0001D271 /* ContentView.swift in Sources */ = {isa = PBXBuildFile; fileRef = C346777B27BEF29C0001D271 /* ContentView.swift */; };
		C346777E27BEF29D0001D271 /* Assets.xcassets in Resources */ = {isa = PBXBuildFile; fileRef = C346777D27BEF29D0001D271 /* Assets.xcassets */; };
		C346778127BEF29D0001D271 /* Preview Assets.xcassets in Resources */ = {isa = PBXBuildFile; fileRef = C346778027BEF29D0001D271 /* Preview Assets.xcassets */; };
		C346778827C2428E0001D271 /* LoadingActivity.swift in Sources */ = {isa = PBXBuildFile; fileRef = C346778727C2428E0001D271 /* LoadingActivity.swift */; };
/* End PBXBuildFile section */

/* Begin PBXFileReference section */
		900C18DC27C26F76001FCA11 /* ButtonListView.swift.swift */ = {isa = PBXFileReference; lastKnownFileType = sourcecode.swift; path = ButtonListView.swift.swift; sourceTree = "<group>"; };
		900C18DE27C26F95001FCA11 /* ProfileButtonView.swift */ = {isa = PBXFileReference; lastKnownFileType = sourcecode.swift; path = ProfileButtonView.swift; sourceTree = "<group>"; };
		900C18E027C26FAD001FCA11 /* LikeButtonView.swift */ = {isa = PBXFileReference; lastKnownFileType = sourcecode.swift; path = LikeButtonView.swift; sourceTree = "<group>"; };
		900C18E227C26FBE001FCA11 /* CommentButtonView.swift */ = {isa = PBXFileReference; lastKnownFileType = sourcecode.swift; path = CommentButtonView.swift; sourceTree = "<group>"; };
		900C18E427C26FCE001FCA11 /* ShareButtonView.swift */ = {isa = PBXFileReference; lastKnownFileType = sourcecode.swift; path = ShareButtonView.swift; sourceTree = "<group>"; };
		900C18E627C26FE4001FCA11 /* MusicButtonView.swift */ = {isa = PBXFileReference; lastKnownFileType = sourcecode.swift; path = MusicButtonView.swift; sourceTree = "<group>"; };
		900C18EA27C27045001FCA11 /* TikTok.swift */ = {isa = PBXFileReference; lastKnownFileType = sourcecode.swift; path = TikTok.swift; sourceTree = "<group>"; };
		900C18ED27C27510001FCA11 /* GlobalHelpers.swift */ = {isa = PBXFileReference; lastKnownFileType = sourcecode.swift; path = GlobalHelpers.swift; sourceTree = "<group>"; };
		900C18EF27C29895001FCA11 /* TikTokView.swift */ = {isa = PBXFileReference; lastKnownFileType = sourcecode.swift; path = TikTokView.swift; sourceTree = "<group>"; };
		900C18F527C29D5A001FCA11 /* VideoPreviewImage.swift */ = {isa = PBXFileReference; lastKnownFileType = sourcecode.swift; path = VideoPreviewImage.swift; sourceTree = "<group>"; };
		900C18F727C2A030001FCA11 /* PostView.swift */ = {isa = PBXFileReference; lastKnownFileType = sourcecode.swift; path = PostView.swift; sourceTree = "<group>"; };
		900C18F927C2B99C001FCA11 /* TopRowButtons.swift */ = {isa = PBXFileReference; lastKnownFileType = sourcecode.swift; path = TopRowButtons.swift; sourceTree = "<group>"; };
		C346777627BEF29C0001D271 /* Tik-Tok-Clone.app */ = {isa = PBXFileReference; explicitFileType = wrapper.application; includeInIndex = 0; path = "Tik-Tok-Clone.app"; sourceTree = BUILT_PRODUCTS_DIR; };
		C346777927BEF29C0001D271 /* Tik_Tok_CloneApp.swift */ = {isa = PBXFileReference; lastKnownFileType = sourcecode.swift; path = Tik_Tok_CloneApp.swift; sourceTree = "<group>"; };
		C346777B27BEF29C0001D271 /* ContentView.swift */ = {isa = PBXFileReference; lastKnownFileType = sourcecode.swift; path = ContentView.swift; sourceTree = "<group>"; };
		C346777D27BEF29D0001D271 /* Assets.xcassets */ = {isa = PBXFileReference; lastKnownFileType = folder.assetcatalog; path = Assets.xcassets; sourceTree = "<group>"; };
		C346778027BEF29D0001D271 /* Preview Assets.xcassets */ = {isa = PBXFileReference; lastKnownFileType = folder.assetcatalog; path = "Preview Assets.xcassets"; sourceTree = "<group>"; };
		C346778727C2428E0001D271 /* LoadingActivity.swift */ = {isa = PBXFileReference; lastKnownFileType = sourcecode.swift; path = LoadingActivity.swift; sourceTree = "<group>"; };
/* End PBXFileReference section */

/* Begin PBXFrameworksBuildPhase section */
		C346777327BEF29C0001D271 /* Frameworks */ = {
			isa = PBXFrameworksBuildPhase;
			buildActionMask = 2147483647;
			files = (
			);
			runOnlyForDeploymentPostprocessing = 0;
		};
/* End PBXFrameworksBuildPhase section */

/* Begin PBXGroup section */
		900C18E827C2700F001FCA11 /* Views */ = {
			isa = PBXGroup;
			children = (
				900C18DC27C26F76001FCA11 /* ButtonListView.swift.swift */,
				900C18DE27C26F95001FCA11 /* ProfileButtonView.swift */,
				900C18E027C26FAD001FCA11 /* LikeButtonView.swift */,
				900C18E227C26FBE001FCA11 /* CommentButtonView.swift */,
				900C18E427C26FCE001FCA11 /* ShareButtonView.swift */,
				900C18E627C26FE4001FCA11 /* MusicButtonView.swift */,
				900C18EF27C29895001FCA11 /* TikTokView.swift */,
				900C18F527C29D5A001FCA11 /* VideoPreviewImage.swift */,
				900C18F727C2A030001FCA11 /* PostView.swift */,
				900C18F927C2B99C001FCA11 /* TopRowButtons.swift */,
			);
			path = Views;
			sourceTree = "<group>";
		};
		900C18E927C27030001FCA11 /* Models */ = {
			isa = PBXGroup;
			children = (
				900C18EA27C27045001FCA11 /* TikTok.swift */,
			);
			path = Models;
			sourceTree = "<group>";
		};
		900C18EC27C274FB001FCA11 /* Helpers */ = {
			isa = PBXGroup;
			children = (
				900C18ED27C27510001FCA11 /* GlobalHelpers.swift */,
			);
			path = Helpers;
			sourceTree = "<group>";
		};
		C346776D27BEF29C0001D271 = {
			isa = PBXGroup;
			children = (
				C346777827BEF29C0001D271 /* Tik-Tok-Clone */,
				C346777727BEF29C0001D271 /* Products */,
			);
			sourceTree = "<group>";
		};
		C346777727BEF29C0001D271 /* Products */ = {
			isa = PBXGroup;
			children = (
				C346777627BEF29C0001D271 /* Tik-Tok-Clone.app */,
			);
			name = Products;
			sourceTree = "<group>";
		};
		C346777827BEF29C0001D271 /* Tik-Tok-Clone */ = {
			isa = PBXGroup;
			children = (
				900C18EC27C274FB001FCA11 /* Helpers */,
				900C18E927C27030001FCA11 /* Models */,
				900C18E827C2700F001FCA11 /* Views */,
				C346777927BEF29C0001D271 /* Tik_Tok_CloneApp.swift */,
				C346777B27BEF29C0001D271 /* ContentView.swift */,
				C346777D27BEF29D0001D271 /* Assets.xcassets */,
				C346777F27BEF29D0001D271 /* Preview Content */,
				C346778727C2428E0001D271 /* LoadingActivity.swift */,
			);
			path = "Tik-Tok-Clone";
			sourceTree = "<group>";
		};
		C346777F27BEF29D0001D271 /* Preview Content */ = {
			isa = PBXGroup;
			children = (
				C346778027BEF29D0001D271 /* Preview Assets.xcassets */,
			);
			path = "Preview Content";
			sourceTree = "<group>";
		};
/* End PBXGroup section */

/* Begin PBXNativeTarget section */
		C346777527BEF29C0001D271 /* Tik-Tok-Clone */ = {
			isa = PBXNativeTarget;
			buildConfigurationList = C346778427BEF29D0001D271 /* Build configuration list for PBXNativeTarget "Tik-Tok-Clone" */;
			buildPhases = (
				C346777227BEF29C0001D271 /* Sources */,
				C346777327BEF29C0001D271 /* Frameworks */,
				C346777427BEF29C0001D271 /* Resources */,
			);
			buildRules = (
			);
			dependencies = (
			);
			name = "Tik-Tok-Clone";
			productName = "Tik-Tok-Clone";
			productReference = C346777627BEF29C0001D271 /* Tik-Tok-Clone.app */;
			productType = "com.apple.product-type.application";
		};
/* End PBXNativeTarget section */

/* Begin PBXProject section */
		C346776E27BEF29C0001D271 /* Project object */ = {
			isa = PBXProject;
			attributes = {
				BuildIndependentTargetsInParallel = 1;
				LastSwiftUpdateCheck = 1320;
				LastUpgradeCheck = 1320;
				TargetAttributes = {
					C346777527BEF29C0001D271 = {
						CreatedOnToolsVersion = 13.2.1;
					};
				};
			};
			buildConfigurationList = C346777127BEF29C0001D271 /* Build configuration list for PBXProject "Tik-Tok-Clone" */;
			compatibilityVersion = "Xcode 13.0";
			developmentRegion = en;
			hasScannedForEncodings = 0;
			knownRegions = (
				en,
				Base,
			);
			mainGroup = C346776D27BEF29C0001D271;
			productRefGroup = C346777727BEF29C0001D271 /* Products */;
			projectDirPath = "";
			projectRoot = "";
			targets = (
				C346777527BEF29C0001D271 /* Tik-Tok-Clone */,
			);
		};
/* End PBXProject section */

/* Begin PBXResourcesBuildPhase section */
		C346777427BEF29C0001D271 /* Resources */ = {
			isa = PBXResourcesBuildPhase;
			buildActionMask = 2147483647;
			files = (
				C346778127BEF29D0001D271 /* Preview Assets.xcassets in Resources */,
				C346777E27BEF29D0001D271 /* Assets.xcassets in Resources */,
			);
			runOnlyForDeploymentPostprocessing = 0;
		};
/* End PBXResourcesBuildPhase section */

/* Begin PBXSourcesBuildPhase section */
		C346777227BEF29C0001D271 /* Sources */ = {
			isa = PBXSourcesBuildPhase;
			buildActionMask = 2147483647;
			files = (
				900C18E727C26FE4001FCA11 /* MusicButtonView.swift in Sources */,
				C346778827C2428E0001D271 /* LoadingActivity.swift in Sources */,
				900C18E327C26FBE001FCA11 /* CommentButtonView.swift in Sources */,
				900C18E527C26FCE001FCA11 /* ShareButtonView.swift in Sources */,
				900C18FA27C2B99C001FCA11 /* TopRowButtons.swift in Sources */,
				900C18F627C29D5A001FCA11 /* VideoPreviewImage.swift in Sources */,
				900C18F027C29896001FCA11 /* TikTokView.swift in Sources */,
				C346777C27BEF29C0001D271 /* ContentView.swift in Sources */,
				C346777A27BEF29C0001D271 /* Tik_Tok_CloneApp.swift in Sources */,
				900C18EE27C27510001FCA11 /* GlobalHelpers.swift in Sources */,
				900C18F827C2A030001FCA11 /* PostView.swift in Sources */,
				900C18E127C26FAD001FCA11 /* LikeButtonView.swift in Sources */,
				900C18EB27C27045001FCA11 /* TikTok.swift in Sources */,
				900C18DD27C26F77001FCA11 /* ButtonListView.swift.swift in Sources */,
				900C18DF27C26F95001FCA11 /* ProfileButtonView.swift in Sources */,
			);
			runOnlyForDeploymentPostprocessing = 0;
		};
/* End PBXSourcesBuildPhase section */

/* Begin XCBuildConfiguration section */
		C346778227BEF29D0001D271 /* Debug */ = {
			isa = XCBuildConfiguration;
			buildSettings = {
				ALWAYS_SEARCH_USER_PATHS = NO;
				CLANG_ANALYZER_NONNULL = YES;
				CLANG_ANALYZER_NUMBER_OBJECT_CONVERSION = YES_AGGRESSIVE;
				CLANG_CXX_LANGUAGE_STANDARD = "gnu++17";
				CLANG_CXX_LIBRARY = "libc++";
				CLANG_ENABLE_MODULES = YES;
				CLANG_ENABLE_OBJC_ARC = YES;
				CLANG_ENABLE_OBJC_WEAK = YES;
				CLANG_WARN_BLOCK_CAPTURE_AUTORELEASING = YES;
				CLANG_WARN_BOOL_CONVERSION = YES;
				CLANG_WARN_COMMA = YES;
				CLANG_WARN_CONSTANT_CONVERSION = YES;
				CLANG_WARN_DEPRECATED_OBJC_IMPLEMENTATIONS = YES;
				CLANG_WARN_DIRECT_OBJC_ISA_USAGE = YES_ERROR;
				CLANG_WARN_DOCUMENTATION_COMMENTS = YES;
				CLANG_WARN_EMPTY_BODY = YES;
				CLANG_WARN_ENUM_CONVERSION = YES;
				CLANG_WARN_INFINITE_RECURSION = YES;
				CLANG_WARN_INT_CONVERSION = YES;
				CLANG_WARN_NON_LITERAL_NULL_CONVERSION = YES;
				CLANG_WARN_OBJC_IMPLICIT_RETAIN_SELF = YES;
				CLANG_WARN_OBJC_LITERAL_CONVERSION = YES;
				CLANG_WARN_OBJC_ROOT_CLASS = YES_ERROR;
				CLANG_WARN_QUOTED_INCLUDE_IN_FRAMEWORK_HEADER = YES;
				CLANG_WARN_RANGE_LOOP_ANALYSIS = YES;
				CLANG_WARN_STRICT_PROTOTYPES = YES;
				CLANG_WARN_SUSPICIOUS_MOVE = YES;
				CLANG_WARN_UNGUARDED_AVAILABILITY = YES_AGGRESSIVE;
				CLANG_WARN_UNREACHABLE_CODE = YES;
				CLANG_WARN__DUPLICATE_METHOD_MATCH = YES;
				COPY_PHASE_STRIP = NO;
				DEBUG_INFORMATION_FORMAT = dwarf;
				ENABLE_STRICT_OBJC_MSGSEND = YES;
				ENABLE_TESTABILITY = YES;
				GCC_C_LANGUAGE_STANDARD = gnu11;
				GCC_DYNAMIC_NO_PIC = NO;
				GCC_NO_COMMON_BLOCKS = YES;
				GCC_OPTIMIZATION_LEVEL = 0;
				GCC_PREPROCESSOR_DEFINITIONS = (
					"DEBUG=1",
					"$(inherited)",
				);
				GCC_WARN_64_TO_32_BIT_CONVERSION = YES;
				GCC_WARN_ABOUT_RETURN_TYPE = YES_ERROR;
				GCC_WARN_UNDECLARED_SELECTOR = YES;
				GCC_WARN_UNINITIALIZED_AUTOS = YES_AGGRESSIVE;
				GCC_WARN_UNUSED_FUNCTION = YES;
				GCC_WARN_UNUSED_VARIABLE = YES;
				IPHONEOS_DEPLOYMENT_TARGET = 15.2;
				MTL_ENABLE_DEBUG_INFO = INCLUDE_SOURCE;
				MTL_FAST_MATH = YES;
				ONLY_ACTIVE_ARCH = YES;
				SDKROOT = iphoneos;
				SWIFT_ACTIVE_COMPILATION_CONDITIONS = DEBUG;
				SWIFT_OPTIMIZATION_LEVEL = "-Onone";
			};
			name = Debug;
		};
		C346778327BEF29D0001D271 /* Release */ = {
			isa = XCBuildConfiguration;
			buildSettings = {
				ALWAYS_SEARCH_USER_PATHS = NO;
				CLANG_ANALYZER_NONNULL = YES;
				CLANG_ANALYZER_NUMBER_OBJECT_CONVERSION = YES_AGGRESSIVE;
				CLANG_CXX_LANGUAGE_STANDARD = "gnu++17";
				CLANG_CXX_LIBRARY = "libc++";
				CLANG_ENABLE_MODULES = YES;
				CLANG_ENABLE_OBJC_ARC = YES;
				CLANG_ENABLE_OBJC_WEAK = YES;
				CLANG_WARN_BLOCK_CAPTURE_AUTORELEASING = YES;
				CLANG_WARN_BOOL_CONVERSION = YES;
				CLANG_WARN_COMMA = YES;
				CLANG_WARN_CONSTANT_CONVERSION = YES;
				CLANG_WARN_DEPRECATED_OBJC_IMPLEMENTATIONS = YES;
				CLANG_WARN_DIRECT_OBJC_ISA_USAGE = YES_ERROR;
				CLANG_WARN_DOCUMENTATION_COMMENTS = YES;
				CLANG_WARN_EMPTY_BODY = YES;
				CLANG_WARN_ENUM_CONVERSION = YES;
				CLANG_WARN_INFINITE_RECURSION = YES;
				CLANG_WARN_INT_CONVERSION = YES;
				CLANG_WARN_NON_LITERAL_NULL_CONVERSION = YES;
				CLANG_WARN_OBJC_IMPLICIT_RETAIN_SELF = YES;
				CLANG_WARN_OBJC_LITERAL_CONVERSION = YES;
				CLANG_WARN_OBJC_ROOT_CLASS = YES_ERROR;
				CLANG_WARN_QUOTED_INCLUDE_IN_FRAMEWORK_HEADER = YES;
				CLANG_WARN_RANGE_LOOP_ANALYSIS = YES;
				CLANG_WARN_STRICT_PROTOTYPES = YES;
				CLANG_WARN_SUSPICIOUS_MOVE = YES;
				CLANG_WARN_UNGUARDED_AVAILABILITY = YES_AGGRESSIVE;
				CLANG_WARN_UNREACHABLE_CODE = YES;
				CLANG_WARN__DUPLICATE_METHOD_MATCH = YES;
				COPY_PHASE_STRIP = NO;
				DEBUG_INFORMATION_FORMAT = "dwarf-with-dsym";
				ENABLE_NS_ASSERTIONS = NO;
				ENABLE_STRICT_OBJC_MSGSEND = YES;
				GCC_C_LANGUAGE_STANDARD = gnu11;
				GCC_NO_COMMON_BLOCKS = YES;
				GCC_WARN_64_TO_32_BIT_CONVERSION = YES;
				GCC_WARN_ABOUT_RETURN_TYPE = YES_ERROR;
				GCC_WARN_UNDECLARED_SELECTOR = YES;
				GCC_WARN_UNINITIALIZED_AUTOS = YES_AGGRESSIVE;
				GCC_WARN_UNUSED_FUNCTION = YES;
				GCC_WARN_UNUSED_VARIABLE = YES;
				IPHONEOS_DEPLOYMENT_TARGET = 15.2;
				MTL_ENABLE_DEBUG_INFO = NO;
				MTL_FAST_MATH = YES;
				SDKROOT = iphoneos;
				SWIFT_COMPILATION_MODE = wholemodule;
				SWIFT_OPTIMIZATION_LEVEL = "-O";
				VALIDATE_PRODUCT = YES;
			};
			name = Release;
		};
		C346778527BEF29D0001D271 /* Debug */ = {
			isa = XCBuildConfiguration;
			buildSettings = {
				ASSETCATALOG_COMPILER_APPICON_NAME = AppIcon;
				ASSETCATALOG_COMPILER_GLOBAL_ACCENT_COLOR_NAME = AccentColor;
				CODE_SIGN_STYLE = Automatic;
				CURRENT_PROJECT_VERSION = 1;
				DEVELOPMENT_ASSET_PATHS = "\"Tik-Tok-Clone/Preview Content\"";
				DEVELOPMENT_TEAM = 2262CQKPZT;
				ENABLE_PREVIEWS = YES;
				GENERATE_INFOPLIST_FILE = YES;
				INFOPLIST_KEY_UIApplicationSceneManifest_Generation = YES;
				INFOPLIST_KEY_UIApplicationSupportsIndirectInputEvents = YES;
				INFOPLIST_KEY_UILaunchScreen_Generation = YES;
				INFOPLIST_KEY_UISupportedInterfaceOrientations_iPad = "UIInterfaceOrientationPortrait UIInterfaceOrientationPortraitUpsideDown UIInterfaceOrientationLandscapeLeft UIInterfaceOrientationLandscapeRight";
				INFOPLIST_KEY_UISupportedInterfaceOrientations_iPhone = "UIInterfaceOrientationPortrait UIInterfaceOrientationLandscapeLeft UIInterfaceOrientationLandscapeRight";
				LD_RUNPATH_SEARCH_PATHS = (
					"$(inherited)",
					"@executable_path/Frameworks",
				);
				MARKETING_VERSION = 1.0;
				PRODUCT_BUNDLE_IDENTIFIER = "com.connorblack.Tik-Tok-Clone";
				PRODUCT_NAME = "$(TARGET_NAME)";
				SWIFT_EMIT_LOC_STRINGS = YES;
				SWIFT_VERSION = 5.0;
				TARGETED_DEVICE_FAMILY = "1,2";
			};
			name = Debug;
		};
		C346778627BEF29D0001D271 /* Release */ = {
			isa = XCBuildConfiguration;
			buildSettings = {
				ASSETCATALOG_COMPILER_APPICON_NAME = AppIcon;
				ASSETCATALOG_COMPILER_GLOBAL_ACCENT_COLOR_NAME = AccentColor;
				CODE_SIGN_STYLE = Automatic;
				CURRENT_PROJECT_VERSION = 1;
				DEVELOPMENT_ASSET_PATHS = "\"Tik-Tok-Clone/Preview Content\"";
				DEVELOPMENT_TEAM = 2262CQKPZT;
				ENABLE_PREVIEWS = YES;
				GENERATE_INFOPLIST_FILE = YES;
				INFOPLIST_KEY_UIApplicationSceneManifest_Generation = YES;
				INFOPLIST_KEY_UIApplicationSupportsIndirectInputEvents = YES;
				INFOPLIST_KEY_UILaunchScreen_Generation = YES;
				INFOPLIST_KEY_UISupportedInterfaceOrientations_iPad = "UIInterfaceOrientationPortrait UIInterfaceOrientationPortraitUpsideDown UIInterfaceOrientationLandscapeLeft UIInterfaceOrientationLandscapeRight";
				INFOPLIST_KEY_UISupportedInterfaceOrientations_iPhone = "UIInterfaceOrientationPortrait UIInterfaceOrientationLandscapeLeft UIInterfaceOrientationLandscapeRight";
				LD_RUNPATH_SEARCH_PATHS = (
					"$(inherited)",
					"@executable_path/Frameworks",
				);
				MARKETING_VERSION = 1.0;
				PRODUCT_BUNDLE_IDENTIFIER = "com.connorblack.Tik-Tok-Clone";
				PRODUCT_NAME = "$(TARGET_NAME)";
				SWIFT_EMIT_LOC_STRINGS = YES;
				SWIFT_VERSION = 5.0;
				TARGETED_DEVICE_FAMILY = "1,2";
			};
			name = Release;
		};
/* End XCBuildConfiguration section */

/* Begin XCConfigurationList section */
		C346777127BEF29C0001D271 /* Build configuration list for PBXProject "Tik-Tok-Clone" */ = {
			isa = XCConfigurationList;
			buildConfigurations = (
				C346778227BEF29D0001D271 /* Debug */,
				C346778327BEF29D0001D271 /* Release */,
			);
			defaultConfigurationIsVisible = 0;
			defaultConfigurationName = Release;
		};
		C346778427BEF29D0001D271 /* Build configuration list for PBXNativeTarget "Tik-Tok-Clone" */ = {
			isa = XCConfigurationList;
			buildConfigurations = (
				C346778527BEF29D0001D271 /* Debug */,
				C346778627BEF29D0001D271 /* Release */,
			);
			defaultConfigurationIsVisible = 0;
			defaultConfigurationName = Release;
		};
/* End XCConfigurationList section */
	};
	rootObject = C346776E27BEF29C0001D271 /* Project object */;
}
